# THIS IS AN AUTOGENERATED FILE. DO NOT EDIT THIS FILE DIRECTLY.
# yarn lockfile v1


"@bokken/npm-test@1.0.0":
  version "1.0.0"
  resolved "https://registry.yarnpkg.com/@bokken/npm-test/-/npm-test-1.0.0.tgz#ec6be826628f179554e8cad292ea26f69f3cdf9d"
  integrity sha512-azgkaUH6tJs6csuZDSZRy1uJoiGn7zG1jPT3/CEXeWz1po/bUeV71UNi1BJ9EbtXaSYak7wJcFJWwQkuj8pxWA==
